// !$*UTF8*$!
{
	archiveVersion = 1;
	classes = {
	};
	objectVersion = 46;
	objects = {

/* Begin PBXBuildFile section */
		4D5BB1F51C9E4F2C00EE9673 /* AppDelegate.swift in Sources */ = {isa = PBXBuildFile; fileRef = 4D5BB1F41C9E4F2C00EE9673 /* AppDelegate.swift */; };
		4D5BB1F71C9E4F2C00EE9673 /* ViewController.swift in Sources */ = {isa = PBXBuildFile; fileRef = 4D5BB1F61C9E4F2C00EE9673 /* ViewController.swift */; };
		4D5BB1FA1C9E4F2D00EE9673 /* Main.storyboard in Resources */ = {isa = PBXBuildFile; fileRef = 4D5BB1F81C9E4F2D00EE9673 /* Main.storyboard */; };
		4D5BB1FC1C9E4F2D00EE9673 /* Assets.xcassets in Resources */ = {isa = PBXBuildFile; fileRef = 4D5BB1FB1C9E4F2D00EE9673 /* Assets.xcassets */; };
		4D5BB1FF1C9E4F2D00EE9673 /* LaunchScreen.storyboard in Resources */ = {isa = PBXBuildFile; fileRef = 4D5BB1FD1C9E4F2D00EE9673 /* LaunchScreen.storyboard */; };
		4D5BB20A1C9E4F2D00EE9673 /* ex7Tests.swift in Sources */ = {isa = PBXBuildFile; fileRef = 4D5BB2091C9E4F2D00EE9673 /* ex7Tests.swift */; };
		4D5BB2151C9E4F2D00EE9673 /* ex7UITests.swift in Sources */ = {isa = PBXBuildFile; fileRef = 4D5BB2141C9E4F2D00EE9673 /* ex7UITests.swift */; };
/* End PBXBuildFile section */

/* Begin PBXContainerItemProxy section */
		4D5BB2061C9E4F2D00EE9673 /* PBXContainerItemProxy */ = {
			isa = PBXContainerItemProxy;
			containerPortal = 4D5BB1E91C9E4F2C00EE9673 /* Project object */;
			proxyType = 1;
			remoteGlobalIDString = 4D5BB1F01C9E4F2C00EE9673;
			remoteInfo = ex7;
		};
		4D5BB2111C9E4F2D00EE9673 /* PBXContainerItemProxy */ = {
			isa = PBXContainerItemProxy;
			containerPortal = 4D5BB1E91C9E4F2C00EE9673 /* Project object */;
			proxyType = 1;
			remoteGlobalIDString = 4D5BB1F01C9E4F2C00EE9673;
			remoteInfo = ex7;
		};
/* End PBXContainerItemProxy section */

/* Begin PBXFileReference section */
		4D5BB1F11C9E4F2C00EE9673 /* ex7.app */ = {isa = PBXFileReference; explicitFileType = wrapper.application; includeInIndex = 0; path = ex7.app; sourceTree = BUILT_PRODUCTS_DIR; };
		4D5BB1F41C9E4F2C00EE9673 /* AppDelegate.swift */ = {isa = PBXFileReference; lastKnownFileType = sourcecode.swift; path = AppDelegate.swift; sourceTree = "<group>"; };
		4D5BB1F61C9E4F2C00EE9673 /* ViewController.swift */ = {isa = PBXFileReference; lastKnownFileType = sourcecode.swift; path = ViewController.swift; sourceTree = "<group>"; };
		4D5BB1F91C9E4F2D00EE9673 /* Base */ = {isa = PBXFileReference; lastKnownFileType = file.storyboard; name = Base; path = Base.lproj/Main.storyboard; sourceTree = "<group>"; };
		4D5BB1FB1C9E4F2D00EE9673 /* Assets.xcassets */ = {isa = PBXFileReference; lastKnownFileType = folder.assetcatalog; path = Assets.xcassets; sourceTree = "<group>"; };
		4D5BB1FE1C9E4F2D00EE9673 /* Base */ = {isa = PBXFileReference; lastKnownFileType = file.storyboard; name = Base; path = Base.lproj/LaunchScreen.storyboard; sourceTree = "<group>"; };
		4D5BB2001C9E4F2D00EE9673 /* Info.plist */ = {isa = PBXFileReference; lastKnownFileType = text.plist.xml; path = Info.plist; sourceTree = "<group>"; };
		4D5BB2051C9E4F2D00EE9673 /* ex7Tests.xctest */ = {isa = PBXFileReference; explicitFileType = wrapper.cfbundle; includeInIndex = 0; path = ex7Tests.xctest; sourceTree = BUILT_PRODUCTS_DIR; };
		4D5BB2091C9E4F2D00EE9673 /* ex7Tests.swift */ = {isa = PBXFileReference; lastKnownFileType = sourcecode.swift; path = ex7Tests.swift; sourceTree = "<group>"; };
		4D5BB20B1C9E4F2D00EE9673 /* Info.plist */ = {isa = PBXFileReference; lastKnownFileType = text.plist.xml; path = Info.plist; sourceTree = "<group>"; };
		4D5BB2101C9E4F2D00EE9673 /* ex7UITests.xctest */ = {isa = PBXFileReference; explicitFileType = wrapper.cfbundle; includeInIndex = 0; path = ex7UITests.xctest; sourceTree = BUILT_PRODUCTS_DIR; };
		4D5BB2141C9E4F2D00EE9673 /* ex7UITests.swift */ = {isa = PBXFileReference; lastKnownFileType = sourcecode.swift; path = ex7UITests.swift; sourceTree = "<group>"; };
		4D5BB2161C9E4F2D00EE9673 /* Info.plist */ = {isa = PBXFileReference; lastKnownFileType = text.plist.xml; path = Info.plist; sourceTree = "<group>"; };
/* End PBXFileReference section */

/* Begin PBXFrameworksBuildPhase section */
		4D5BB1EE1C9E4F2C00EE9673 /* Frameworks */ = {
			isa = PBXFrameworksBuildPhase;
			buildActionMask = 2147483647;
			files = (
			);
			runOnlyForDeploymentPostprocessing = 0;
		};
		4D5BB2021C9E4F2D00EE9673 /* Frameworks */ = {
			isa = PBXFrameworksBuildPhase;
			buildActionMask = 2147483647;
			files = (
			);
			runOnlyForDeploymentPostprocessing = 0;
		};
		4D5BB20D1C9E4F2D00EE9673 /* Frameworks */ = {
			isa = PBXFrameworksBuildPhase;
			buildActionMask = 2147483647;
			files = (
			);
			runOnlyForDeploymentPostprocessing = 0;
		};
/* End PBXFrameworksBuildPhase section */

/* Begin PBXGroup section */
		4D5BB1E81C9E4F2C00EE9673 = {
			isa = PBXGroup;
			children = (
				4D5BB1F31C9E4F2C00EE9673 /* ex7 */,
				4D5BB2081C9E4F2D00EE9673 /* ex7Tests */,
				4D5BB2131C9E4F2D00EE9673 /* ex7UITests */,
				4D5BB1F21C9E4F2C00EE9673 /* Products */,
			);
			sourceTree = "<group>";
		};
		4D5BB1F21C9E4F2C00EE9673 /* Products */ = {
			isa = PBXGroup;
			children = (
				4D5BB1F11C9E4F2C00EE9673 /* ex7.app */,
				4D5BB2051C9E4F2D00EE9673 /* ex7Tests.xctest */,
				4D5BB2101C9E4F2D00EE9673 /* ex7UITests.xctest */,
			);
			name = Products;
			sourceTree = "<group>";
		};
		4D5BB1F31C9E4F2C00EE9673 /* ex7 */ = {
			isa = PBXGroup;
			children = (
				4D5BB1F41C9E4F2C00EE9673 /* AppDelegate.swift */,
				4D5BB1F61C9E4F2C00EE9673 /* ViewController.swift */,
				4D5BB1F81C9E4F2D00EE9673 /* Main.storyboard */,
				4D5BB1FB1C9E4F2D00EE9673 /* Assets.xcassets */,
				4D5BB1FD1C9E4F2D00EE9673 /* LaunchScreen.storyboard */,
				4D5BB2001C9E4F2D00EE9673 /* Info.plist */,
			);
			path = ex7;
			sourceTree = "<group>";
		};
		4D5BB2081C9E4F2D00EE9673 /* ex7Tests */ = {
			isa = PBXGroup;
			children = (
				4D5BB2091C9E4F2D00EE9673 /* ex7Tests.swift */,
				4D5BB20B1C9E4F2D00EE9673 /* Info.plist */,
			);
			path = ex7Tests;
			sourceTree = "<group>";
		};
		4D5BB2131C9E4F2D00EE9673 /* ex7UITests */ = {
			isa = PBXGroup;
			children = (
				4D5BB2141C9E4F2D00EE9673 /* ex7UITests.swift */,
				4D5BB2161C9E4F2D00EE9673 /* Info.plist */,
			);
			path = ex7UITests;
			sourceTree = "<group>";
		};
/* End PBXGroup section */

/* Begin PBXNativeTarget section */
		4D5BB1F01C9E4F2C00EE9673 /* ex7 */ = {
			isa = PBXNativeTarget;
			buildConfigurationList = 4D5BB2191C9E4F2D00EE9673 /* Build configuration list for PBXNativeTarget "ex7" */;
			buildPhases = (
				4D5BB1ED1C9E4F2C00EE9673 /* Sources */,
				4D5BB1EE1C9E4F2C00EE9673 /* Frameworks */,
				4D5BB1EF1C9E4F2C00EE9673 /* Resources */,
			);
			buildRules = (
			);
			dependencies = (
			);
			name = ex7;
			productName = ex7;
			productReference = 4D5BB1F11C9E4F2C00EE9673 /* ex7.app */;
			productType = "com.apple.product-type.application";
		};
		4D5BB2041C9E4F2D00EE9673 /* ex7Tests */ = {
			isa = PBXNativeTarget;
			buildConfigurationList = 4D5BB21C1C9E4F2D00EE9673 /* Build configuration list for PBXNativeTarget "ex7Tests" */;
			buildPhases = (
				4D5BB2011C9E4F2D00EE9673 /* Sources */,
				4D5BB2021C9E4F2D00EE9673 /* Frameworks */,
				4D5BB2031C9E4F2D00EE9673 /* Resources */,
			);
			buildRules = (
			);
			dependencies = (
				4D5BB2071C9E4F2D00EE9673 /* PBXTargetDependency */,
			);
			name = ex7Tests;
			productName = ex7Tests;
			productReference = 4D5BB2051C9E4F2D00EE9673 /* ex7Tests.xctest */;
			productType = "com.apple.product-type.bundle.unit-test";
		};
		4D5BB20F1C9E4F2D00EE9673 /* ex7UITests */ = {
			isa = PBXNativeTarget;
			buildConfigurationList = 4D5BB21F1C9E4F2D00EE9673 /* Build configuration list for PBXNativeTarget "ex7UITests" */;
			buildPhases = (
				4D5BB20C1C9E4F2D00EE9673 /* Sources */,
				4D5BB20D1C9E4F2D00EE9673 /* Frameworks */,
				4D5BB20E1C9E4F2D00EE9673 /* Resources */,
			);
			buildRules = (
			);
			dependencies = (
				4D5BB2121C9E4F2D00EE9673 /* PBXTargetDependency */,
			);
			name = ex7UITests;
			productName = ex7UITests;
			productReference = 4D5BB2101C9E4F2D00EE9673 /* ex7UITests.xctest */;
			productType = "com.apple.product-type.bundle.ui-testing";
		};
/* End PBXNativeTarget section */

/* Begin PBXProject section */
		4D5BB1E91C9E4F2C00EE9673 /* Project object */ = {
			isa = PBXProject;
			attributes = {
				LastSwiftUpdateCheck = 0720;
				LastUpgradeCheck = 0720;
				ORGANIZATIONNAME = "Mark Silvis";
				TargetAttributes = {
					4D5BB1F01C9E4F2C00EE9673 = {
						CreatedOnToolsVersion = 7.2.1;
						DevelopmentTeam = 9J2SF89DB8;
					};
					4D5BB2041C9E4F2D00EE9673 = {
						CreatedOnToolsVersion = 7.2.1;
						DevelopmentTeam = 9J2SF89DB8;
						TestTargetID = 4D5BB1F01C9E4F2C00EE9673;
					};
					4D5BB20F1C9E4F2D00EE9673 = {
						CreatedOnToolsVersion = 7.2.1;
						DevelopmentTeam = 9J2SF89DB8;
						TestTargetID = 4D5BB1F01C9E4F2C00EE9673;
					};
				};
			};
			buildConfigurationList = 4D5BB1EC1C9E4F2C00EE9673 /* Build configuration list for PBXProject "ex7" */;
			compatibilityVersion = "Xcode 3.2";
			developmentRegion = English;
			hasScannedForEncodings = 0;
			knownRegions = (
				en,
				Base,
			);
			mainGroup = 4D5BB1E81C9E4F2C00EE9673;
			productRefGroup = 4D5BB1F21C9E4F2C00EE9673 /* Products */;
			projectDirPath = "";
			projectRoot = "";
			targets = (
				4D5BB1F01C9E4F2C00EE9673 /* ex7 */,
				4D5BB2041C9E4F2D00EE9673 /* ex7Tests */,
				4D5BB20F1C9E4F2D00EE9673 /* ex7UITests */,
			);
		};
/* End PBXProject section */

/* Begin PBXResourcesBuildPhase section */
		4D5BB1EF1C9E4F2C00EE9673 /* Resources */ = {
			isa = PBXResourcesBuildPhase;
			buildActionMask = 2147483647;
			files = (
				4D5BB1FF1C9E4F2D00EE9673 /* LaunchScreen.storyboard in Resources */,
				4D5BB1FC1C9E4F2D00EE9673 /* Assets.xcassets in Resources */,
				4D5BB1FA1C9E4F2D00EE9673 /* Main.storyboard in Resources */,
			);
			runOnlyForDeploymentPostprocessing = 0;
		};
		4D5BB2031C9E4F2D00EE9673 /* Resources */ = {
			isa = PBXResourcesBuildPhase;
			buildActionMask = 2147483647;
			files = (
			);
			runOnlyForDeploymentPostprocessing = 0;
		};
		4D5BB20E1C9E4F2D00EE9673 /* Resources */ = {
			isa = PBXResourcesBuildPhase;
			buildActionMask = 2147483647;
			files = (
			);
			runOnlyForDeploymentPostprocessing = 0;
		};
/* End PBXResourcesBuildPhase section */

/* Begin PBXSourcesBuildPhase section */
		4D5BB1ED1C9E4F2C00EE9673 /* Sources */ = {
			isa = PBXSourcesBuildPhase;
			buildActionMask = 2147483647;
			files = (
				4D5BB1F71C9E4F2C00EE9673 /* ViewController.swift in Sources */,
				4D5BB1F51C9E4F2C00EE9673 /* AppDelegate.swift in Sources */,
			);
			runOnlyForDeploymentPostprocessing = 0;
		};
		4D5BB2011C9E4F2D00EE9673 /* Sources */ = {
			isa = PBXSourcesBuildPhase;
			buildActionMask = 2147483647;
			files = (
				4D5BB20A1C9E4F2D00EE9673 /* ex7Tests.swift in Sources */,
			);
			runOnlyForDeploymentPostprocessing = 0;
		};
		4D5BB20C1C9E4F2D00EE9673 /* Sources */ = {
			isa = PBXSourcesBuildPhase;
			buildActionMask = 2147483647;
			files = (
				4D5BB2151C9E4F2D00EE9673 /* ex7UITests.swift in Sources */,
			);
			runOnlyForDeploymentPostprocessing = 0;
		};
/* End PBXSourcesBuildPhase section */

/* Begin PBXTargetDependency section */
		4D5BB2071C9E4F2D00EE9673 /* PBXTargetDependency */ = {
			isa = PBXTargetDependency;
			target = 4D5BB1F01C9E4F2C00EE9673 /* ex7 */;
			targetProxy = 4D5BB2061C9E4F2D00EE9673 /* PBXContainerItemProxy */;
		};
		4D5BB2121C9E4F2D00EE9673 /* PBXTargetDependency */ = {
			isa = PBXTargetDependency;
			target = 4D5BB1F01C9E4F2C00EE9673 /* ex7 */;
			targetProxy = 4D5BB2111C9E4F2D00EE9673 /* PBXContainerItemProxy */;
		};
/* End PBXTargetDependency section */

/* Begin PBXVariantGroup section */
		4D5BB1F81C9E4F2D00EE9673 /* Main.storyboard */ = {
			isa = PBXVariantGroup;
			children = (
				4D5BB1F91C9E4F2D00EE9673 /* Base */,
			);
			name = Main.storyboard;
			sourceTree = "<group>";
		};
		4D5BB1FD1C9E4F2D00EE9673 /* LaunchScreen.storyboard */ = {
			isa = PBXVariantGroup;
			children = (
				4D5BB1FE1C9E4F2D00EE9673 /* Base */,
			);
			name = LaunchScreen.storyboard;
			sourceTree = "<group>";
		};
/* End PBXVariantGroup section */

/* Begin XCBuildConfiguration section */
		4D5BB2171C9E4F2D00EE9673 /* Debug */ = {
			isa = XCBuildConfiguration;
			buildSettings = {
				ALWAYS_SEARCH_USER_PATHS = NO;
				CLANG_CXX_LANGUAGE_STANDARD = "gnu++0x";
				CLANG_CXX_LIBRARY = "libc++";
				CLANG_ENABLE_MODULES = YES;
				CLANG_ENABLE_OBJC_ARC = YES;
				CLANG_WARN_BOOL_CONVERSION = YES;
				CLANG_WARN_CONSTANT_CONVERSION = YES;
				CLANG_WARN_DIRECT_OBJC_ISA_USAGE = YES_ERROR;
				CLANG_WARN_EMPTY_BODY = YES;
				CLANG_WARN_ENUM_CONVERSION = YES;
				CLANG_WARN_INT_CONVERSION = YES;
				CLANG_WARN_OBJC_ROOT_CLASS = YES_ERROR;
				CLANG_WARN_UNREACHABLE_CODE = YES;
				CLANG_WARN__DUPLICATE_METHOD_MATCH = YES;
				"CODE_SIGN_IDENTITY[sdk=iphoneos*]" = "iPhone Developer";
				COPY_PHASE_STRIP = NO;
				DEBUG_INFORMATION_FORMAT = dwarf;
				ENABLE_STRICT_OBJC_MSGSEND = YES;
				ENABLE_TESTABILITY = YES;
				GCC_C_LANGUAGE_STANDARD = gnu99;
				GCC_DYNAMIC_NO_PIC = NO;
				GCC_NO_COMMON_BLOCKS = YES;
				GCC_OPTIMIZATION_LEVEL = 0;
				GCC_PREPROCESSOR_DEFINITIONS = (
					"DEBUG=1",
					"$(inherited)",
				);
				GCC_WARN_64_TO_32_BIT_CONVERSION = YES;
				GCC_WARN_ABOUT_RETURN_TYPE = YES_ERROR;
				GCC_WARN_UNDECLARED_SELECTOR = YES;
				GCC_WARN_UNINITIALIZED_AUTOS = YES_AGGRESSIVE;
				GCC_WARN_UNUSED_FUNCTION = YES;
				GCC_WARN_UNUSED_VARIABLE = YES;
				IPHONEOS_DEPLOYMENT_TARGET = 9.2;
				MTL_ENABLE_DEBUG_INFO = YES;
				ONLY_ACTIVE_ARCH = YES;
				SDKROOT = iphoneos;
				SWIFT_OPTIMIZATION_LEVEL = "-Onone";
			};
			name = Debug;
		};
		4D5BB2181C9E4F2D00EE9673 /* Release */ = {
			isa = XCBuildConfiguration;
			buildSettings = {
				ALWAYS_SEARCH_USER_PATHS = NO;
				CLANG_CXX_LANGUAGE_STANDARD = "gnu++0x";
				CLANG_CXX_LIBRARY = "libc++";
				CLANG_ENABLE_MODULES = YES;
				CLANG_ENABLE_OBJC_ARC = YES;
				CLANG_WARN_BOOL_CONVERSION = YES;
				CLANG_WARN_CONSTANT_CONVERSION = YES;
				CLANG_WARN_DIRECT_OBJC_ISA_USAGE = YES_ERROR;
				CLANG_WARN_EMPTY_BODY = YES;
				CLANG_WARN_ENUM_CONVERSION = YES;
				CLANG_WARN_INT_CONVERSION = YES;
				CLANG_WARN_OBJC_ROOT_CLASS = YES_ERROR;
				CLANG_WARN_UNREACHABLE_CODE = YES;
				CLANG_WARN__DUPLICATE_METHOD_MATCH = YES;
				"CODE_SIGN_IDENTITY[sdk=iphoneos*]" = "iPhone Developer";
				COPY_PHASE_STRIP = NO;
				DEBUG_INFORMATION_FORMAT = "dwarf-with-dsym";
				ENABLE_NS_ASSERTIONS = NO;
				ENABLE_STRICT_OBJC_MSGSEND = YES;
				GCC_C_LANGUAGE_STANDARD = gnu99;
				GCC_NO_COMMON_BLOCKS = YES;
				GCC_WARN_64_TO_32_BIT_CONVERSION = YES;
				GCC_WARN_ABOUT_RETURN_TYPE = YES_ERROR;
				GCC_WARN_UNDECLARED_SELECTOR = YES;
				GCC_WARN_UNINITIALIZED_AUTOS = YES_AGGRESSIVE;
				GCC_WARN_UNUSED_FUNCTION = YES;
				GCC_WARN_UNUSED_VARIABLE = YES;
				IPHONEOS_DEPLOYMENT_TARGET = 9.2;
				MTL_ENABLE_DEBUG_INFO = NO;
				SDKROOT = iphoneos;
				VALIDATE_PRODUCT = YES;
			};
			name = Release;
		};
		4D5BB21A1C9E4F2D00EE9673 /* Debug */ = {
			isa = XCBuildConfiguration;
			buildSettings = {
				ASSETCATALOG_COMPILER_APPICON_NAME = AppIcon;
				INFOPLIST_FILE = ex7/Info.plist;
				LD_RUNPATH_SEARCH_PATHS = "$(inherited) @executable_path/Frameworks";
				PRODUCT_BUNDLE_IDENTIFIER = com.marksilvis.ex7;
				PRODUCT_NAME = "$(TARGET_NAME)";
			};
			name = Debug;
		};
		4D5BB21B1C9E4F2D00EE9673 /* Release */ = {
			isa = XCBuildConfiguration;
			buildSettings = {
				ASSETCATALOG_COMPILER_APPICON_NAME = AppIcon;
				INFOPLIST_FILE = ex7/Info.plist;
				LD_RUNPATH_SEARCH_PATHS = "$(inherited) @executable_path/Frameworks";
				PRODUCT_BUNDLE_IDENTIFIER = com.marksilvis.ex7;
				PRODUCT_NAME = "$(TARGET_NAME)";
			};
			name = Release;
		};
		4D5BB21D1C9E4F2D00EE9673 /* Debug */ = {
			isa = XCBuildConfiguration;
			buildSettings = {
				BUNDLE_LOADER = "$(TEST_HOST)";
				INFOPLIST_FILE = ex7Tests/Info.plist;
				LD_RUNPATH_SEARCH_PATHS = "$(inherited) @executable_path/Frameworks @loader_path/Frameworks";
				PRODUCT_BUNDLE_IDENTIFIER = com.marksilvis.ex7Tests;
				PRODUCT_NAME = "$(TARGET_NAME)";
				TEST_HOST = "$(BUILT_PRODUCTS_DIR)/ex7.app/ex7";
			};
			name = Debug;
		};
		4D5BB21E1C9E4F2D00EE9673 /* Release */ = {
			isa = XCBuildConfiguration;
			buildSettings = {
				BUNDLE_LOADER = "$(TEST_HOST)";
				INFOPLIST_FILE = ex7Tests/Info.plist;
				LD_RUNPATH_SEARCH_PATHS = "$(inherited) @executable_path/Frameworks @loader_path/Frameworks";
				PRODUCT_BUNDLE_IDENTIFIER = com.marksilvis.ex7Tests;
				PRODUCT_NAME = "$(TARGET_NAME)";
				TEST_HOST = "$(BUILT_PRODUCTS_DIR)/ex7.app/ex7";
			};
			name = Release;
		};
		4D5BB2201C9E4F2D00EE9673 /* Debug */ = {
			isa = XCBuildConfiguration;
			buildSettings = {
				INFOPLIST_FILE = ex7UITests/Info.plist;
				LD_RUNPATH_SEARCH_PATHS = "$(inherited) @executable_path/Frameworks @loader_path/Frameworks";
				PRODUCT_BUNDLE_IDENTIFIER = com.marksilvis.ex7UITests;
				PRODUCT_NAME = "$(TARGET_NAME)";
				TEST_TARGET_NAME = ex7;
				USES_XCTRUNNER = YES;
			};
			name = Debug;
		};
		4D5BB2211C9E4F2D00EE9673 /* Release */ = {
			isa = XCBuildConfiguration;
			buildSettings = {
				INFOPLIST_FILE = ex7UITests/Info.plist;
				LD_RUNPATH_SEARCH_PATHS = "$(inherited) @executable_path/Frameworks @loader_path/Frameworks";
				PRODUCT_BUNDLE_IDENTIFIER = com.marksilvis.ex7UITests;
				PRODUCT_NAME = "$(TARGET_NAME)";
				TEST_TARGET_NAME = ex7;
				USES_XCTRUNNER = YES;
			};
			name = Release;
		};
/* End XCBuildConfiguration section */

/* Begin XCConfigurationList section */
		4D5BB1EC1C9E4F2C00EE9673 /* Build configuration list for PBXProject "ex7" */ = {
			isa = XCConfigurationList;
			buildConfigurations = (
				4D5BB2171C9E4F2D00EE9673 /* Debug */,
				4D5BB2181C9E4F2D00EE9673 /* Release */,
			);
			defaultConfigurationIsVisible = 0;
			defaultConfigurationName = Release;
		};
		4D5BB2191C9E4F2D00EE9673 /* Build configuration list for PBXNativeTarget "ex7" */ = {
			isa = XCConfigurationList;
			buildConfigurations = (
				4D5BB21A1C9E4F2D00EE9673 /* Debug */,
				4D5BB21B1C9E4F2D00EE9673 /* Release */,
			);
			defaultConfigurationIsVisible = 0;
		};
		4D5BB21C1C9E4F2D00EE9673 /* Build configuration list for PBXNativeTarget "ex7Tests" */ = {
			isa = XCConfigurationList;
			buildConfigurations = (
				4D5BB21D1C9E4F2D00EE9673 /* Debug */,
				4D5BB21E1C9E4F2D00EE9673 /* Release */,
			);
			defaultConfigurationIsVisible = 0;
		};
		4D5BB21F1C9E4F2D00EE9673 /* Build configuration list for PBXNativeTarget "ex7UITests" */ = {
			isa = XCConfigurationList;
			buildConfigurations = (
				4D5BB2201C9E4F2D00EE9673 /* Debug */,
				4D5BB2211C9E4F2D00EE9673 /* Release */,
			);
			defaultConfigurationIsVisible = 0;
		};
/* End XCConfigurationList section */
	};
	rootObject = 4D5BB1E91C9E4F2C00EE9673 /* Project object */;
}
